// !$*UTF8*$!
{
	archiveVersion = 1;
	classes = {
	};
	objectVersion = 48;
	objects = {

/* Begin PBXBuildFile section */
		48A14984C1FC218263FA8BF4 /* Pods_StreetView.framework in Frameworks */ = {isa = PBXBuildFile; fileRef = BA2478B1E7EDFF4862CAF40E /* Pods_StreetView.framework */; };
		FA17097A2026C7C500CD3957 /* StreetViewController.swift in Sources */ = {isa = PBXBuildFile; fileRef = FA1709792026C7C500CD3957 /* StreetViewController.swift */; };
		FAEBCD1A2021AA6500FCF1C6 /* AppDelegate.swift in Sources */ = {isa = PBXBuildFile; fileRef = FAEBCD192021AA6500FCF1C6 /* AppDelegate.swift */; };
		FAEBCD1C2021AA6500FCF1C6 /* MapViewController.swift in Sources */ = {isa = PBXBuildFile; fileRef = FAEBCD1B2021AA6500FCF1C6 /* MapViewController.swift */; };
		FAEBCD212021AA6500FCF1C6 /* Assets.xcassets in Resources */ = {isa = PBXBuildFile; fileRef = FAEBCD202021AA6500FCF1C6 /* Assets.xcassets */; };
/* End PBXBuildFile section */

/* Begin PBXFileReference section */
		BA2478B1E7EDFF4862CAF40E /* Pods_StreetView.framework */ = {isa = PBXFileReference; explicitFileType = wrapper.framework; includeInIndex = 0; path = Pods_StreetView.framework; sourceTree = BUILT_PRODUCTS_DIR; };
		F0EA1EA8401B405E0AA0DB71 /* Pods-StreetView.debug.xcconfig */ = {isa = PBXFileReference; includeInIndex = 1; lastKnownFileType = text.xcconfig; name = "Pods-StreetView.debug.xcconfig"; path = "Pods/Target Support Files/Pods-StreetView/Pods-StreetView.debug.xcconfig"; sourceTree = "<group>"; };
		F16B2B29DC0BC942B64B63ED /* Pods-StreetView.release.xcconfig */ = {isa = PBXFileReference; includeInIndex = 1; lastKnownFileType = text.xcconfig; name = "Pods-StreetView.release.xcconfig"; path = "Pods/Target Support Files/Pods-StreetView/Pods-StreetView.release.xcconfig"; sourceTree = "<group>"; };
		FA1709792026C7C500CD3957 /* StreetViewController.swift */ = {isa = PBXFileReference; lastKnownFileType = sourcecode.swift; path = StreetViewController.swift; sourceTree = "<group>"; };
		FAEBCD162021AA6500FCF1C6 /* StreetView.app */ = {isa = PBXFileReference; explicitFileType = wrapper.application; includeInIndex = 0; path = StreetView.app; sourceTree = BUILT_PRODUCTS_DIR; };
		FAEBCD192021AA6500FCF1C6 /* AppDelegate.swift */ = {isa = PBXFileReference; lastKnownFileType = sourcecode.swift; path = AppDelegate.swift; sourceTree = "<group>"; };
		FAEBCD1B2021AA6500FCF1C6 /* MapViewController.swift */ = {isa = PBXFileReference; lastKnownFileType = sourcecode.swift; path = MapViewController.swift; sourceTree = "<group>"; };
		FAEBCD202021AA6500FCF1C6 /* Assets.xcassets */ = {isa = PBXFileReference; lastKnownFileType = folder.assetcatalog; path = Assets.xcassets; sourceTree = "<group>"; };
		FAEBCD252021AA6500FCF1C6 /* Info.plist */ = {isa = PBXFileReference; lastKnownFileType = text.plist.xml; path = Info.plist; sourceTree = "<group>"; };
/* End PBXFileReference section */

/* Begin PBXFrameworksBuildPhase section */
		FAEBCD132021AA6500FCF1C6 /* Frameworks */ = {
			isa = PBXFrameworksBuildPhase;
			buildActionMask = 2147483647;
			files = (
				48A14984C1FC218263FA8BF4 /* Pods_StreetView.framework in Frameworks */,
			);
			runOnlyForDeploymentPostprocessing = 0;
		};
/* End PBXFrameworksBuildPhase section */

/* Begin PBXGroup section */
		CCA09CF26380906DDD764016 /* Pods */ = {
			isa = PBXGroup;
			children = (
				F0EA1EA8401B405E0AA0DB71 /* Pods-StreetView.debug.xcconfig */,
				F16B2B29DC0BC942B64B63ED /* Pods-StreetView.release.xcconfig */,
			);
			name = Pods;
			sourceTree = "<group>";
		};
		D1A4DA575C922D7D54B360C7 /* Frameworks */ = {
			isa = PBXGroup;
			children = (
				BA2478B1E7EDFF4862CAF40E /* Pods_StreetView.framework */,
			);
			name = Frameworks;
			sourceTree = "<group>";
		};
		FAEBCD0D2021AA6500FCF1C6 = {
			isa = PBXGroup;
			children = (
				FAEBCD182021AA6500FCF1C6 /* StreetView */,
				FAEBCD172021AA6500FCF1C6 /* Products */,
				CCA09CF26380906DDD764016 /* Pods */,
				D1A4DA575C922D7D54B360C7 /* Frameworks */,
			);
			sourceTree = "<group>";
		};
		FAEBCD172021AA6500FCF1C6 /* Products */ = {
			isa = PBXGroup;
			children = (
				FAEBCD162021AA6500FCF1C6 /* StreetView.app */,
			);
			name = Products;
			sourceTree = "<group>";
		};
		FAEBCD182021AA6500FCF1C6 /* StreetView */ = {
			isa = PBXGroup;
			children = (
				FAEBCD192021AA6500FCF1C6 /* AppDelegate.swift */,
				FAEBCD1B2021AA6500FCF1C6 /* MapViewController.swift */,
				FAEBCD202021AA6500FCF1C6 /* Assets.xcassets */,
				FAEBCD252021AA6500FCF1C6 /* Info.plist */,
				FA1709792026C7C500CD3957 /* StreetViewController.swift */,
			);
			path = StreetView;
			sourceTree = "<group>";
		};
/* End PBXGroup section */

/* Begin PBXNativeTarget section */
		FAEBCD152021AA6500FCF1C6 /* StreetView */ = {
			isa = PBXNativeTarget;
			buildConfigurationList = FAEBCD282021AA6600FCF1C6 /* Build configuration list for PBXNativeTarget "StreetView" */;
			buildPhases = (
				51B295284876B2C14AA3C624 /* [CP] Check Pods Manifest.lock */,
				FAEBCD122021AA6500FCF1C6 /* Sources */,
				FAEBCD132021AA6500FCF1C6 /* Frameworks */,
				FAEBCD142021AA6500FCF1C6 /* Resources */,
				367603AD522210228BDCCE7A /* [CP] Embed Pods Frameworks */,
				ED6DBF2A683ACD3BE419A446 /* [CP] Copy Pods Resources */,
			);
			buildRules = (
			);
			dependencies = (
			);
			name = StreetView;
			productName = StreetView;
			productReference = FAEBCD162021AA6500FCF1C6 /* StreetView.app */;
			productType = "com.apple.product-type.application";
		};
/* End PBXNativeTarget section */

/* Begin PBXProject section */
		FAEBCD0E2021AA6500FCF1C6 /* Project object */ = {
			isa = PBXProject;
			attributes = {
				LastSwiftUpdateCheck = 0920;
				LastUpgradeCheck = 0920;
				ORGANIZATIONNAME = LiYuzhu;
				TargetAttributes = {
					FAEBCD152021AA6500FCF1C6 = {
						CreatedOnToolsVersion = 9.2;
						ProvisioningStyle = Automatic;
					};
				};
			};
			buildConfigurationList = FAEBCD112021AA6500FCF1C6 /* Build configuration list for PBXProject "StreetView" */;
			compatibilityVersion = "Xcode 8.0";
			developmentRegion = en;
			hasScannedForEncodings = 0;
			knownRegions = (
				en,
				Base,
			);
			mainGroup = FAEBCD0D2021AA6500FCF1C6;
			productRefGroup = FAEBCD172021AA6500FCF1C6 /* Products */;
			projectDirPath = "";
			projectRoot = "";
			targets = (
				FAEBCD152021AA6500FCF1C6 /* StreetView */,
			);
		};
/* End PBXProject section */

/* Begin PBXResourcesBuildPhase section */
		FAEBCD142021AA6500FCF1C6 /* Resources */ = {
			isa = PBXResourcesBuildPhase;
			buildActionMask = 2147483647;
			files = (
				FAEBCD212021AA6500FCF1C6 /* Assets.xcassets in Resources */,
			);
			runOnlyForDeploymentPostprocessing = 0;
		};
/* End PBXResourcesBuildPhase section */

/* Begin PBXShellScriptBuildPhase section */
		367603AD522210228BDCCE7A /* [CP] Embed Pods Frameworks */ = {
			isa = PBXShellScriptBuildPhase;
			buildActionMask = 2147483647;
			files = (
			);
			inputPaths = (
			);
			name = "[CP] Embed Pods Frameworks";
			outputPaths = (
			);
			runOnlyForDeploymentPostprocessing = 0;
			shellPath = /bin/sh;
			shellScript = "\"${SRCROOT}/Pods/Target Support Files/Pods-StreetView/Pods-StreetView-frameworks.sh\"\n";
			showEnvVarsInLog = 0;
		};
		51B295284876B2C14AA3C624 /* [CP] Check Pods Manifest.lock */ = {
			isa = PBXShellScriptBuildPhase;
			buildActionMask = 2147483647;
			files = (
			);
			inputPaths = (
				"${PODS_PODFILE_DIR_PATH}/Podfile.lock",
				"${PODS_ROOT}/Manifest.lock",
			);
			name = "[CP] Check Pods Manifest.lock";
			outputPaths = (
				"$(DERIVED_FILE_DIR)/Pods-StreetView-checkManifestLockResult.txt",
			);
			runOnlyForDeploymentPostprocessing = 0;
			shellPath = /bin/sh;
			shellScript = "diff \"${PODS_PODFILE_DIR_PATH}/Podfile.lock\" \"${PODS_ROOT}/Manifest.lock\" > /dev/null\nif [ $? != 0 ] ; then\n    # print error to STDERR\n    echo \"error: The sandbox is not in sync with the Podfile.lock. Run 'pod install' or update your CocoaPods installation.\" >&2\n    exit 1\nfi\n";
			showEnvVarsInLog = 0;
		};
		ED6DBF2A683ACD3BE419A446 /* [CP] Copy Pods Resources */ = {
			isa = PBXShellScriptBuildPhase;
			buildActionMask = 2147483647;
			files = (
			);
			inputPaths = (
				"${SRCROOT}/Pods/Target Support Files/Pods-StreetView/Pods-StreetView-resources.sh",
				"${PODS_ROOT}/GoogleMaps/Maps/Frameworks/GoogleMaps.framework/Resources/GoogleMaps.bundle",
				"${PODS_ROOT}/GooglePlaces/Frameworks/GooglePlaces.framework/Resources/GooglePlaces.bundle",
			);
			name = "[CP] Copy Pods Resources";
			outputPaths = (
				"${TARGET_BUILD_DIR}/${UNLOCALIZED_RESOURCES_FOLDER_PATH}/GoogleMaps.bundle",
				"${TARGET_BUILD_DIR}/${UNLOCALIZED_RESOURCES_FOLDER_PATH}/GooglePlaces.bundle",
			);
			runOnlyForDeploymentPostprocessing = 0;
			shellPath = /bin/sh;
			shellScript = "\"${SRCROOT}/Pods/Target Support Files/Pods-StreetView/Pods-StreetView-resources.sh\"\n";
			showEnvVarsInLog = 0;
		};
/* End PBXShellScriptBuildPhase section */

/* Begin PBXSourcesBuildPhase section */
		FAEBCD122021AA6500FCF1C6 /* Sources */ = {
			isa = PBXSourcesBuildPhase;
			buildActionMask = 2147483647;
			files = (
				FA17097A2026C7C500CD3957 /* StreetViewController.swift in Sources */,
				FAEBCD1C2021AA6500FCF1C6 /* MapViewController.swift in Sources */,
				FAEBCD1A2021AA6500FCF1C6 /* AppDelegate.swift in Sources */,
			);
			runOnlyForDeploymentPostprocessing = 0;
		};
/* End PBXSourcesBuildPhase section */

/* Begin XCBuildConfiguration section */
		FAEBCD262021AA6600FCF1C6 /* Debug */ = {
			isa = XCBuildConfiguration;
			buildSettings = {
				ALWAYS_SEARCH_USER_PATHS = NO;
				CLANG_ANALYZER_NONNULL = YES;
				CLANG_ANALYZER_NUMBER_OBJECT_CONVERSION = YES_AGGRESSIVE;
				CLANG_CXX_LANGUAGE_STANDARD = "gnu++14";
				CLANG_CXX_LIBRARY = "libc++";
				CLANG_ENABLE_MODULES = YES;
				CLANG_ENABLE_OBJC_ARC = YES;
				CLANG_WARN_BLOCK_CAPTURE_AUTORELEASING = YES;
				CLANG_WARN_BOOL_CONVERSION = YES;
				CLANG_WARN_COMMA = YES;
				CLANG_WARN_CONSTANT_CONVERSION = YES;
				CLANG_WARN_DIRECT_OBJC_ISA_USAGE = YES_ERROR;
				CLANG_WARN_DOCUMENTATION_COMMENTS = YES;
				CLANG_WARN_EMPTY_BODY = YES;
				CLANG_WARN_ENUM_CONVERSION = YES;
				CLANG_WARN_INFINITE_RECURSION = YES;
				CLANG_WARN_INT_CONVERSION = YES;
				CLANG_WARN_NON_LITERAL_NULL_CONVERSION = YES;
				CLANG_WARN_OBJC_LITERAL_CONVERSION = YES;
				CLANG_WARN_OBJC_ROOT_CLASS = YES_ERROR;
				CLANG_WARN_RANGE_LOOP_ANALYSIS = YES;
				CLANG_WARN_STRICT_PROTOTYPES = YES;
				CLANG_WARN_SUSPICIOUS_MOVE = YES;
				CLANG_WARN_UNGUARDED_AVAILABILITY = YES_AGGRESSIVE;
				CLANG_WARN_UNREACHABLE_CODE = YES;
				CLANG_WARN__DUPLICATE_METHOD_MATCH = YES;
				CODE_SIGN_IDENTITY = "iPhone Developer";
				COPY_PHASE_STRIP = NO;
				DEBUG_INFORMATION_FORMAT = dwarf;
				ENABLE_STRICT_OBJC_MSGSEND = YES;
				ENABLE_TESTABILITY = YES;
				GCC_C_LANGUAGE_STANDARD = gnu11;
				GCC_DYNAMIC_NO_PIC = NO;
				GCC_NO_COMMON_BLOCKS = YES;
				GCC_OPTIMIZATION_LEVEL = 0;
				GCC_PREPROCESSOR_DEFINITIONS = (
					"DEBUG=1",
					"$(inherited)",
				);
				GCC_WARN_64_TO_32_BIT_CONVERSION = YES;
				GCC_WARN_ABOUT_RETURN_TYPE = YES_ERROR;
				GCC_WARN_UNDECLARED_SELECTOR = YES;
				GCC_WARN_UNINITIALIZED_AUTOS = YES_AGGRESSIVE;
				GCC_WARN_UNUSED_FUNCTION = YES;
				GCC_WARN_UNUSED_VARIABLE = YES;
				IPHONEOS_DEPLOYMENT_TARGET = 11.2;
				MTL_ENABLE_DEBUG_INFO = YES;
				ONLY_ACTIVE_ARCH = YES;
				SDKROOT = iphoneos;
				SWIFT_ACTIVE_COMPILATION_CONDITIONS = DEBUG;
				SWIFT_OPTIMIZATION_LEVEL = "-Onone";
			};
			name = Debug;
		};
		FAEBCD272021AA6600FCF1C6 /* Release */ = {
			isa = XCBuildConfiguration;
			buildSettings = {
				ALWAYS_SEARCH_USER_PATHS = NO;
				CLANG_ANALYZER_NONNULL = YES;
				CLANG_ANALYZER_NUMBER_OBJECT_CONVERSION = YES_AGGRESSIVE;
				CLANG_CXX_LANGUAGE_STANDARD = "gnu++14";
				CLANG_CXX_LIBRARY = "libc++";
				CLANG_ENABLE_MODULES = YES;
				CLANG_ENABLE_OBJC_ARC = YES;
				CLANG_WARN_BLOCK_CAPTURE_AUTORELEASING = YES;
				CLANG_WARN_BOOL_CONVERSION = YES;
				CLANG_WARN_COMMA = YES;
				CLANG_WARN_CONSTANT_CONVERSION = YES;
				CLANG_WARN_DIRECT_OBJC_ISA_USAGE = YES_ERROR;
				CLANG_WARN_DOCUMENTATION_COMMENTS = YES;
				CLANG_WARN_EMPTY_BODY = YES;
				CLANG_WARN_ENUM_CONVERSION = YES;
				CLANG_WARN_INFINITE_RECURSION = YES;
				CLANG_WARN_INT_CONVERSION = YES;
				CLANG_WARN_NON_LITERAL_NULL_CONVERSION = YES;
				CLANG_WARN_OBJC_LITERAL_CONVERSION = YES;
				CLANG_WARN_OBJC_ROOT_CLASS = YES_ERROR;
				CLANG_WARN_RANGE_LOOP_ANALYSIS = YES;
				CLANG_WARN_STRICT_PROTOTYPES = YES;
				CLANG_WARN_SUSPICIOUS_MOVE = YES;
				CLANG_WARN_UNGUARDED_AVAILABILITY = YES_AGGRESSIVE;
				CLANG_WARN_UNREACHABLE_CODE = YES;
				CLANG_WARN__DUPLICATE_METHOD_MATCH = YES;
				CODE_SIGN_IDENTITY = "iPhone Developer";
				COPY_PHASE_STRIP = NO;
				DEBUG_INFORMATION_FORMAT = "dwarf-with-dsym";
				ENABLE_NS_ASSERTIONS = NO;
				ENABLE_STRICT_OBJC_MSGSEND = YES;
				GCC_C_LANGUAGE_STANDARD = gnu11;
				GCC_NO_COMMON_BLOCKS = YES;
				GCC_WARN_64_TO_32_BIT_CONVERSION = YES;
				GCC_WARN_ABOUT_RETURN_TYPE = YES_ERROR;
				GCC_WARN_UNDECLARED_SELECTOR = YES;
				GCC_WARN_UNINITIALIZED_AUTOS = YES_AGGRESSIVE;
				GCC_WARN_UNUSED_FUNCTION = YES;
				GCC_WARN_UNUSED_VARIABLE = YES;
				IPHONEOS_DEPLOYMENT_TARGET = 11.2;
				MTL_ENABLE_DEBUG_INFO = NO;
				SDKROOT = iphoneos;
				SWIFT_OPTIMIZATION_LEVEL = "-Owholemodule";
				VALIDATE_PRODUCT = YES;
			};
			name = Release;
		};
		FAEBCD292021AA6600FCF1C6 /* Debug */ = {
			isa = XCBuildConfiguration;
			baseConfigurationReference = F0EA1EA8401B405E0AA0DB71 /* Pods-StreetView.debug.xcconfig */;
			buildSettings = {
				ASSETCATALOG_COMPILER_APPICON_NAME = AppIcon;
				CODE_SIGN_STYLE = Automatic;
				INFOPLIST_FILE = StreetView/Info.plist;
				LD_RUNPATH_SEARCH_PATHS = "$(inherited) @executable_path/Frameworks";
				PRODUCT_BUNDLE_IDENTIFIER = LiYuzhu.StreetView;
				PRODUCT_NAME = "$(TARGET_NAME)";
				SWIFT_VERSION = 4.0;
				TARGETED_DEVICE_FAMILY = "1,2";
			};
			name = Debug;
		};
		FAEBCD2A2021AA6600FCF1C6 /* Release */ = {
			isa = XCBuildConfiguration;
			baseConfigurationReference = F16B2B29DC0BC942B64B63ED /* Pods-StreetView.release.xcconfig */;
			buildSettings = {
				ASSETCATALOG_COMPILER_APPICON_NAME = AppIcon;
				CODE_SIGN_STYLE = Automatic;
				INFOPLIST_FILE = StreetView/Info.plist;
				LD_RUNPATH_SEARCH_PATHS = "$(inherited) @executable_path/Frameworks";
				PRODUCT_BUNDLE_IDENTIFIER = LiYuzhu.StreetView;
				PRODUCT_NAME = "$(TARGET_NAME)";
				SWIFT_VERSION = 4.0;
				TARGETED_DEVICE_FAMILY = "1,2";
			};
			name = Release;
		};
/* End XCBuildConfiguration section */

/* Begin XCConfigurationList section */
		FAEBCD112021AA6500FCF1C6 /* Build configuration list for PBXProject "StreetView" */ = {
			isa = XCConfigurationList;
			buildConfigurations = (
				FAEBCD262021AA6600FCF1C6 /* Debug */,
				FAEBCD272021AA6600FCF1C6 /* Release */,
			);
			defaultConfigurationIsVisible = 0;
			defaultConfigurationName = Release;
		};
		FAEBCD282021AA6600FCF1C6 /* Build configuration list for PBXNativeTarget "StreetView" */ = {
			isa = XCConfigurationList;
			buildConfigurations = (
				FAEBCD292021AA6600FCF1C6 /* Debug */,
				FAEBCD2A2021AA6600FCF1C6 /* Release */,
			);
			defaultConfigurationIsVisible = 0;
			defaultConfigurationName = Release;
		};
/* End XCConfigurationList section */
	};
	rootObject = FAEBCD0E2021AA6500FCF1C6 /* Project object */;
}
